{
  "requires": true,
  "lockfileVersion": 1,
  "dependencies": {
    "wxministore": {
      "version": "1.2.2",
      "resolved": "https://registry.npmjs.org/wxministore/-/wxministore-1.2.2.tgz",
      "integrity": "sha512-0tHYLo5iY1/ziRGsWe5Xdk3aym3pQp6rgJCKQLGhcO7NhM9sGVGvWlgeojoCZw/vAhPS0jfCaHr90KQMmSRqkA=="
    }
  }
}
